
Microsoft Visual Studio Solution File, Format Version 12.00
Project("{FAE04EC0-301F-11D3-BF4B-00C04F79EFBC}") = "HungerGames", "HungerGames\HungerGames.csproj", "{DF865B60-CE52-4A7A-945C-9CF052E25010}"
EndProject
Global
	GlobalSection(SolutionConfigurationPlatforms) = preSolution
		Debug|Any CPU = Debug|Any CPU
		Release|Any CPU = Release|Any CPU
	EndGlobalSection
	GlobalSection(ProjectConfigurationPlatforms) = postSolution
		{DF865B60-CE52-4A7A-945C-9CF052E25010}.Debug|Any CPU.ActiveCfg = Debug|Any CPU
		{DF865B60-CE52-4A7A-945C-9CF052E25010}.Debug|Any CPU.Build.0 = Debug|Any CPU
		{DF865B60-CE52-4A7A-945C-9CF052E25010}.Release|Any CPU.ActiveCfg = Release|Any CPU
		{DF865B60-CE52-4A7A-945C-9CF052E25010}.Release|Any CPU.Build.0 = Release|Any CPU
	EndGlobalSection
EndGlobal
